{
  "name": "profile-matching",
  "version": "1.0.0",
  "lockfileVersion": 1,
  "requires": true,
  "dependencies": {
    "kmeansjs": {
      "version": "0.0.3",
      "resolved": "https://registry.npmjs.org/kmeansjs/-/kmeansjs-0.0.3.tgz",
      "integrity": "sha1-CAyiZ65cm7yAMUVvq8tBTyclbD0="
    }
  }
}
